
Microsoft Visual Studio Solution File, Format Version 12.00
# Visual Studio Version 16
VisualStudioVersion = 16.0.31515.178
MinimumVisualStudioVersion = 10.0.40219.1
Project("{FAE04EC0-301F-11D3-BF4B-00C04F79EFBC}") = "XO", "XO\XO.csproj", "{3422DAC1-DED0-4C2B-977F-1E8038B8F645}"
EndProject
Project("{2150E333-8FDC-42A3-9474-1A3956D46DE8}") = "Tests", "Tests", "{07262227-4C9C-45B9-A2B7-0A7F70629246}"
EndProject
Project("{9A19103F-16F7-4668-BE54-9A1E7A4F7556}") = "XO.Test", "Tests\XO.Test\XO.Test.csproj", "{E5782E17-4258-4409-9571-252EA6674971}"
EndProject
Global
	GlobalSection(SolutionConfigurationPlatforms) = preSolution
		Debug|Any CPU = Debug|Any CPU
		Release|Any CPU = Release|Any CPU
	EndGlobalSection
	GlobalSection(ProjectConfigurationPlatforms) = postSolution
		{3422DAC1-DED0-4C2B-977F-1E8038B8F645}.Debug|Any CPU.ActiveCfg = Debug|Any CPU
		{3422DAC1-DED0-4C2B-977F-1E8038B8F645}.Debug|Any CPU.Build.0 = Debug|Any CPU
		{3422DAC1-DED0-4C2B-977F-1E8038B8F645}.Release|Any CPU.ActiveCfg = Release|Any CPU
		{3422DAC1-DED0-4C2B-977F-1E8038B8F645}.Release|Any CPU.Build.0 = Release|Any CPU
		{E5782E17-4258-4409-9571-252EA6674971}.Debug|Any CPU.ActiveCfg = Debug|Any CPU
		{E5782E17-4258-4409-9571-252EA6674971}.Debug|Any CPU.Build.0 = Debug|Any CPU
		{E5782E17-4258-4409-9571-252EA6674971}.Release|Any CPU.ActiveCfg = Release|Any CPU
		{E5782E17-4258-4409-9571-252EA6674971}.Release|Any CPU.Build.0 = Release|Any CPU
	EndGlobalSection
	GlobalSection(SolutionProperties) = preSolution
		HideSolutionNode = FALSE
	EndGlobalSection
	GlobalSection(NestedProjects) = preSolution
		{E5782E17-4258-4409-9571-252EA6674971} = {07262227-4C9C-45B9-A2B7-0A7F70629246}
	EndGlobalSection
	GlobalSection(ExtensibilityGlobals) = postSolution
		SolutionGuid = {0DB7924B-FB26-40A1-9D5B-103692C28A60}
	EndGlobalSection
EndGlobal
